
Microsoft Visual Studio Solution File, Format Version 12.00
# Visual Studio Version 17
VisualStudioVersion = 17.2.32630.192
MinimumVisualStudioVersion = 10.0.40219.1
Project("{FAE04EC0-301F-11D3-BF4B-00C04F79EFBC}") = "HotelListing.API", "HotelListing.API\HotelListing.API.csproj", "{AB561B9E-EB71-4CA0-9D56-E3D67B4AE6B6}"
EndProject
Global
	GlobalSection(SolutionConfigurationPlatforms) = preSolution
		Debug|Any CPU = Debug|Any CPU
		Release|Any CPU = Release|Any CPU
	EndGlobalSection
	GlobalSection(ProjectConfigurationPlatforms) = postSolution
		{AB561B9E-EB71-4CA0-9D56-E3D67B4AE6B6}.Debug|Any CPU.ActiveCfg = Debug|Any CPU
		{AB561B9E-EB71-4CA0-9D56-E3D67B4AE6B6}.Debug|Any CPU.Build.0 = Debug|Any CPU
		{AB561B9E-EB71-4CA0-9D56-E3D67B4AE6B6}.Release|Any CPU.ActiveCfg = Release|Any CPU
		{AB561B9E-EB71-4CA0-9D56-E3D67B4AE6B6}.Release|Any CPU.Build.0 = Release|Any CPU
	EndGlobalSection
	GlobalSection(SolutionProperties) = preSolution
		HideSolutionNode = FALSE
	EndGlobalSection
	GlobalSection(ExtensibilityGlobals) = postSolution
		SolutionGuid = {2D0FF4DF-6E21-47C0-B848-8AA08CE79360}
	EndGlobalSection
EndGlobal
